
Microsoft Visual Studio Solution File, Format Version 12.00
# Visual Studio Version 17
VisualStudioVersion = 17.13.35825.156
MinimumVisualStudioVersion = 10.0.40219.1
Project("{FAE04EC0-301F-11D3-BF4B-00C04F79EFBC}") = "FitHub.Web", "FitHub.Web\FitHub.Web.csproj", "{74759EBD-F53B-4B71-8E4A-58622953076D}"
EndProject
Global
	GlobalSection(SolutionConfigurationPlatforms) = preSolution
		Debug|Any CPU = Debug|Any CPU
		Release|Any CPU = Release|Any CPU
	EndGlobalSection
	GlobalSection(ProjectConfigurationPlatforms) = postSolution
		{74759EBD-F53B-4B71-8E4A-58622953076D}.Debug|Any CPU.ActiveCfg = Debug|Any CPU
		{74759EBD-F53B-4B71-8E4A-58622953076D}.Debug|Any CPU.Build.0 = Debug|Any CPU
		{74759EBD-F53B-4B71-8E4A-58622953076D}.Release|Any CPU.ActiveCfg = Release|Any CPU
		{74759EBD-F53B-4B71-8E4A-58622953076D}.Release|Any CPU.Build.0 = Release|Any CPU
	EndGlobalSection
	GlobalSection(SolutionProperties) = preSolution
		HideSolutionNode = FALSE
	EndGlobalSection
	GlobalSection(ExtensibilityGlobals) = postSolution
		SolutionGuid = {DDF55B86-FA6E-4F06-B65C-18454FB098B0}
	EndGlobalSection
EndGlobal
